
Microsoft Visual Studio Solution File, Format Version 12.00
# Visual Studio 15
VisualStudioVersion = 15.0.28307.271
MinimumVisualStudioVersion = 10.0.40219.1
Project("{888888A0-9F3D-457C-B088-3A5042F75D52}") = "MIPS_Simulator", "MIPS_Simulator\MIPS_Simulator.pyproj", "{96D7F375-1C74-4477-B04B-D6747B9C18CA}"
EndProject
Global
	GlobalSection(SolutionConfigurationPlatforms) = preSolution
		Debug|Any CPU = Debug|Any CPU
		Release|Any CPU = Release|Any CPU
	EndGlobalSection
	GlobalSection(ProjectConfigurationPlatforms) = postSolution
		{96D7F375-1C74-4477-B04B-D6747B9C18CA}.Debug|Any CPU.ActiveCfg = Debug|Any CPU
		{96D7F375-1C74-4477-B04B-D6747B9C18CA}.Release|Any CPU.ActiveCfg = Release|Any CPU
	EndGlobalSection
	GlobalSection(SolutionProperties) = preSolution
		HideSolutionNode = FALSE
	EndGlobalSection
	GlobalSection(ExtensibilityGlobals) = postSolution
		SolutionGuid = {91603F94-AB03-48D4-93C0-8AC164D08D42}
	EndGlobalSection
EndGlobal
