
Microsoft Visual Studio Solution File, Format Version 12.00
# Visual Studio 15
VisualStudioVersion = 15.0.28307.271
MinimumVisualStudioVersion = 10.0.40219.1
Project("{888888A0-9F3D-457C-B088-3A5042F75D52}") = "SimSam", "SimSam\SimSam.pyproj", "{47188754-E63C-402D-A7D5-A65A18137EEB}"
EndProject
Global
	GlobalSection(SolutionConfigurationPlatforms) = preSolution
		Debug|Any CPU = Debug|Any CPU
		Release|Any CPU = Release|Any CPU
	EndGlobalSection
	GlobalSection(ProjectConfigurationPlatforms) = postSolution
		{47188754-E63C-402D-A7D5-A65A18137EEB}.Debug|Any CPU.ActiveCfg = Debug|Any CPU
		{47188754-E63C-402D-A7D5-A65A18137EEB}.Release|Any CPU.ActiveCfg = Release|Any CPU
	EndGlobalSection
	GlobalSection(SolutionProperties) = preSolution
		HideSolutionNode = FALSE
	EndGlobalSection
	GlobalSection(ExtensibilityGlobals) = postSolution
		SolutionGuid = {BA0F309C-FA0C-4559-A632-4C34DFE29E98}
	EndGlobalSection
EndGlobal
