
Microsoft Visual Studio Solution File, Format Version 12.00
# Visual Studio 15
VisualStudioVersion = 15.0.28307.271
MinimumVisualStudioVersion = 10.0.40219.1
Project("{888888A0-9F3D-457C-B088-3A5042F75D52}") = "MIPS_Python_Disassembler", "MIPS_Python_Disassembler\MIPS_Python_Disassembler.pyproj", "{E3BB7725-0E06-4484-B438-E0FD87A157C7}"
EndProject
Global
	GlobalSection(SolutionConfigurationPlatforms) = preSolution
		Debug|Any CPU = Debug|Any CPU
		Release|Any CPU = Release|Any CPU
	EndGlobalSection
	GlobalSection(ProjectConfigurationPlatforms) = postSolution
		{E3BB7725-0E06-4484-B438-E0FD87A157C7}.Debug|Any CPU.ActiveCfg = Debug|Any CPU
		{E3BB7725-0E06-4484-B438-E0FD87A157C7}.Release|Any CPU.ActiveCfg = Release|Any CPU
	EndGlobalSection
	GlobalSection(SolutionProperties) = preSolution
		HideSolutionNode = FALSE
	EndGlobalSection
	GlobalSection(ExtensibilityGlobals) = postSolution
		SolutionGuid = {46236596-0CFE-413B-B119-39351D452C17}
	EndGlobalSection
EndGlobal
